// !$*UTF8*$!
{
	archiveVersion = 1;
	classes = {
	};
	objectVersion = 52;
	objects = {

/* Begin PBXBuildFile section */
		3809F48F2645A17A0003EE05 /* AppDelegate.swift in Sources */ = {isa = PBXBuildFile; fileRef = 3809F48E2645A17A0003EE05 /* AppDelegate.swift */; };
		3809F4912645A17A0003EE05 /* SceneDelegate.swift in Sources */ = {isa = PBXBuildFile; fileRef = 3809F4902645A17A0003EE05 /* SceneDelegate.swift */; };
		3809F4932645A17A0003EE05 /* ContentView.swift in Sources */ = {isa = PBXBuildFile; fileRef = 3809F4922645A17A0003EE05 /* ContentView.swift */; };
		3809F4962645A17A0003EE05 /* RecycleApp.xcdatamodeld in Sources */ = {isa = PBXBuildFile; fileRef = 3809F4942645A17A0003EE05 /* RecycleApp.xcdatamodeld */; };
		3809F4982645A17B0003EE05 /* Assets.xcassets in Resources */ = {isa = PBXBuildFile; fileRef = 3809F4972645A17B0003EE05 /* Assets.xcassets */; };
		3809F49B2645A17B0003EE05 /* Preview Assets.xcassets in Resources */ = {isa = PBXBuildFile; fileRef = 3809F49A2645A17B0003EE05 /* Preview Assets.xcassets */; };
		3809F49E2645A17B0003EE05 /* LaunchScreen.storyboard in Resources */ = {isa = PBXBuildFile; fileRef = 3809F49C2645A17B0003EE05 /* LaunchScreen.storyboard */; };
		3809F4A72645A21E0003EE05 /* SwiftCSV in Frameworks */ = {isa = PBXBuildFile; productRef = 3809F4A62645A21E0003EE05 /* SwiftCSV */; };
		3809F4AC2645A3610003EE05 /* LightAndBattery+CoreDataClass.swift in Sources */ = {isa = PBXBuildFile; fileRef = 3809F4A82645A3610003EE05 /* LightAndBattery+CoreDataClass.swift */; };
		3809F4AD2645A3610003EE05 /* LightAndBattery+CoreDataProperties.swift in Sources */ = {isa = PBXBuildFile; fileRef = 3809F4A92645A3610003EE05 /* LightAndBattery+CoreDataProperties.swift */; };
		3809F4AE2645A3610003EE05 /* Recycle+CoreDataClass.swift in Sources */ = {isa = PBXBuildFile; fileRef = 3809F4AA2645A3610003EE05 /* Recycle+CoreDataClass.swift */; };
		3809F4AF2645A3610003EE05 /* Recycle+CoreDataProperties.swift in Sources */ = {isa = PBXBuildFile; fileRef = 3809F4AB2645A3610003EE05 /* Recycle+CoreDataProperties.swift */; };
		3809F4B12645A3A80003EE05 /* DataManager.swift in Sources */ = {isa = PBXBuildFile; fileRef = 3809F4B02645A3A80003EE05 /* DataManager.swift */; };
		3811EE1A2675194000001F9A /* Geocode.swift in Sources */ = {isa = PBXBuildFile; fileRef = 3811EE192675194000001F9A /* Geocode.swift */; };
		3811EE1C26751A8E00001F9A /* NMapViewModel.swift in Sources */ = {isa = PBXBuildFile; fileRef = 3811EE1B26751A8E00001F9A /* NMapViewModel.swift */; };
		3811EE2026751B5700001F9A /* 시트 1-표 2.csv in Resources */ = {isa = PBXBuildFile; fileRef = 3811EE1E26751B5700001F9A /* 시트 1-표 2.csv */; };
		3811EE2126751B5700001F9A /* _서울특별시 14개 구 폐형광등폐건전지 분리수거함 위치.csv in Resources */ = {isa = PBXBuildFile; fileRef = 3811EE1F26751B5700001F9A /* _서울특별시 14개 구 폐형광등폐건전지 분리수거함 위치.csv */; };
		3811EE2326751C7F00001F9A /* .gitignore in Resources */ = {isa = PBXBuildFile; fileRef = 3811EE2226751C7F00001F9A /* .gitignore */; };
		391D9C851FB5D232E5D4AC31 /* Pods_RecycleApp.framework in Frameworks */ = {isa = PBXBuildFile; fileRef = 9C12F33F4BF162121566FE98 /* Pods_RecycleApp.framework */; };
/* End PBXBuildFile section */

/* Begin PBXFileReference section */
		3809F48B2645A17A0003EE05 /* RecycleApp.app */ = {isa = PBXFileReference; explicitFileType = wrapper.application; includeInIndex = 0; path = RecycleApp.app; sourceTree = BUILT_PRODUCTS_DIR; };
		3809F48E2645A17A0003EE05 /* AppDelegate.swift */ = {isa = PBXFileReference; lastKnownFileType = sourcecode.swift; path = AppDelegate.swift; sourceTree = "<group>"; };
		3809F4902645A17A0003EE05 /* SceneDelegate.swift */ = {isa = PBXFileReference; lastKnownFileType = sourcecode.swift; path = SceneDelegate.swift; sourceTree = "<group>"; };
		3809F4922645A17A0003EE05 /* ContentView.swift */ = {isa = PBXFileReference; lastKnownFileType = sourcecode.swift; path = ContentView.swift; sourceTree = "<group>"; };
		3809F4952645A17A0003EE05 /* RecycleApp.xcdatamodel */ = {isa = PBXFileReference; lastKnownFileType = wrapper.xcdatamodel; path = RecycleApp.xcdatamodel; sourceTree = "<group>"; };
		3809F4972645A17B0003EE05 /* Assets.xcassets */ = {isa = PBXFileReference; lastKnownFileType = folder.assetcatalog; path = Assets.xcassets; sourceTree = "<group>"; };
		3809F49A2645A17B0003EE05 /* Preview Assets.xcassets */ = {isa = PBXFileReference; lastKnownFileType = folder.assetcatalog; path = "Preview Assets.xcassets"; sourceTree = "<group>"; };
		3809F49D2645A17B0003EE05 /* Base */ = {isa = PBXFileReference; lastKnownFileType = file.storyboard; name = Base; path = Base.lproj/LaunchScreen.storyboard; sourceTree = "<group>"; };
		3809F49F2645A17B0003EE05 /* Info.plist */ = {isa = PBXFileReference; lastKnownFileType = text.plist.xml; path = Info.plist; sourceTree = "<group>"; };
		3809F4A82645A3610003EE05 /* LightAndBattery+CoreDataClass.swift */ = {isa = PBXFileReference; lastKnownFileType = sourcecode.swift; path = "LightAndBattery+CoreDataClass.swift"; sourceTree = "<group>"; };
		3809F4A92645A3610003EE05 /* LightAndBattery+CoreDataProperties.swift */ = {isa = PBXFileReference; lastKnownFileType = sourcecode.swift; path = "LightAndBattery+CoreDataProperties.swift"; sourceTree = "<group>"; };
		3809F4AA2645A3610003EE05 /* Recycle+CoreDataClass.swift */ = {isa = PBXFileReference; lastKnownFileType = sourcecode.swift; path = "Recycle+CoreDataClass.swift"; sourceTree = "<group>"; };
		3809F4AB2645A3610003EE05 /* Recycle+CoreDataProperties.swift */ = {isa = PBXFileReference; lastKnownFileType = sourcecode.swift; path = "Recycle+CoreDataProperties.swift"; sourceTree = "<group>"; };
		3809F4B02645A3A80003EE05 /* DataManager.swift */ = {isa = PBXFileReference; lastKnownFileType = sourcecode.swift; path = DataManager.swift; sourceTree = "<group>"; };
		3811EE192675194000001F9A /* Geocode.swift */ = {isa = PBXFileReference; lastKnownFileType = sourcecode.swift; path = Geocode.swift; sourceTree = "<group>"; };
		3811EE1B26751A8E00001F9A /* NMapViewModel.swift */ = {isa = PBXFileReference; lastKnownFileType = sourcecode.swift; path = NMapViewModel.swift; sourceTree = "<group>"; };
		3811EE1E26751B5700001F9A /* 시트 1-표 2.csv */ = {isa = PBXFileReference; fileEncoding = 4; lastKnownFileType = text; path = "시트 1-표 2.csv"; sourceTree = "<group>"; };
		3811EE1F26751B5700001F9A /* _서울특별시 14개 구 폐형광등폐건전지 분리수거함 위치.csv */ = {isa = PBXFileReference; fileEncoding = 4; lastKnownFileType = text; path = "_서울특별시 14개 구 폐형광등폐건전지 분리수거함 위치.csv"; sourceTree = "<group>"; };
		3811EE2226751C7F00001F9A /* .gitignore */ = {isa = PBXFileReference; lastKnownFileType = text; path = .gitignore; sourceTree = "<group>"; };
		5EDF2CD2E65C2815852548E9 /* Pods-RecycleApp.debug.xcconfig */ = {isa = PBXFileReference; includeInIndex = 1; lastKnownFileType = text.xcconfig; name = "Pods-RecycleApp.debug.xcconfig"; path = "Target Support Files/Pods-RecycleApp/Pods-RecycleApp.debug.xcconfig"; sourceTree = "<group>"; };
		9C12F33F4BF162121566FE98 /* Pods_RecycleApp.framework */ = {isa = PBXFileReference; explicitFileType = wrapper.framework; includeInIndex = 0; path = Pods_RecycleApp.framework; sourceTree = BUILT_PRODUCTS_DIR; };
		D087B42521C61F67D3382995 /* Pods-RecycleApp.release.xcconfig */ = {isa = PBXFileReference; includeInIndex = 1; lastKnownFileType = text.xcconfig; name = "Pods-RecycleApp.release.xcconfig"; path = "Target Support Files/Pods-RecycleApp/Pods-RecycleApp.release.xcconfig"; sourceTree = "<group>"; };
/* End PBXFileReference section */

/* Begin PBXFrameworksBuildPhase section */
		3809F4882645A17A0003EE05 /* Frameworks */ = {
			isa = PBXFrameworksBuildPhase;
			buildActionMask = 2147483647;
			files = (
				3809F4A72645A21E0003EE05 /* SwiftCSV in Frameworks */,
				391D9C851FB5D232E5D4AC31 /* Pods_RecycleApp.framework in Frameworks */,
			);
			runOnlyForDeploymentPostprocessing = 0;
		};
/* End PBXFrameworksBuildPhase section */

/* Begin PBXGroup section */
		3809F4822645A17A0003EE05 = {
			isa = PBXGroup;
			children = (
				3811EE2226751C7F00001F9A /* .gitignore */,
				3811EE1D26751B1600001F9A /* data */,
				3809F4A82645A3610003EE05 /* LightAndBattery+CoreDataClass.swift */,
				3809F4A92645A3610003EE05 /* LightAndBattery+CoreDataProperties.swift */,
				3809F4AA2645A3610003EE05 /* Recycle+CoreDataClass.swift */,
				3809F4AB2645A3610003EE05 /* Recycle+CoreDataProperties.swift */,
				3809F48D2645A17A0003EE05 /* RecycleApp */,
				3809F48C2645A17A0003EE05 /* Products */,
				E9B703E59042C699922FB541 /* Pods */,
				FCABDF76698F95CEEEC07935 /* Frameworks */,
			);
			sourceTree = "<group>";
		};
		3809F48C2645A17A0003EE05 /* Products */ = {
			isa = PBXGroup;
			children = (
				3809F48B2645A17A0003EE05 /* RecycleApp.app */,
			);
			name = Products;
			sourceTree = "<group>";
		};
		3809F48D2645A17A0003EE05 /* RecycleApp */ = {
			isa = PBXGroup;
			children = (
				3809F48E2645A17A0003EE05 /* AppDelegate.swift */,
				3809F4902645A17A0003EE05 /* SceneDelegate.swift */,
				3809F4922645A17A0003EE05 /* ContentView.swift */,
				3809F4972645A17B0003EE05 /* Assets.xcassets */,
				3809F49C2645A17B0003EE05 /* LaunchScreen.storyboard */,
				3809F49F2645A17B0003EE05 /* Info.plist */,
				3809F4942645A17A0003EE05 /* RecycleApp.xcdatamodeld */,
				3809F4992645A17B0003EE05 /* Preview Content */,
				3809F4B02645A3A80003EE05 /* DataManager.swift */,
				3811EE192675194000001F9A /* Geocode.swift */,
				3811EE1B26751A8E00001F9A /* NMapViewModel.swift */,
			);
			path = RecycleApp;
			sourceTree = "<group>";
		};
		3809F4992645A17B0003EE05 /* Preview Content */ = {
			isa = PBXGroup;
			children = (
				3809F49A2645A17B0003EE05 /* Preview Assets.xcassets */,
			);
			path = "Preview Content";
			sourceTree = "<group>";
		};
		3811EE1D26751B1600001F9A /* data */ = {
			isa = PBXGroup;
			children = (
				3811EE1F26751B5700001F9A /* _서울특별시 14개 구 폐형광등폐건전지 분리수거함 위치.csv */,
				3811EE1E26751B5700001F9A /* 시트 1-표 2.csv */,
			);
			path = data;
			sourceTree = "<group>";
		};
		E9B703E59042C699922FB541 /* Pods */ = {
			isa = PBXGroup;
			children = (
				5EDF2CD2E65C2815852548E9 /* Pods-RecycleApp.debug.xcconfig */,
				D087B42521C61F67D3382995 /* Pods-RecycleApp.release.xcconfig */,
			);
			path = Pods;
			sourceTree = "<group>";
		};
		FCABDF76698F95CEEEC07935 /* Frameworks */ = {
			isa = PBXGroup;
			children = (
				9C12F33F4BF162121566FE98 /* Pods_RecycleApp.framework */,
			);
			name = Frameworks;
			sourceTree = "<group>";
		};
/* End PBXGroup section */

/* Begin PBXNativeTarget section */
		3809F48A2645A17A0003EE05 /* RecycleApp */ = {
			isa = PBXNativeTarget;
			buildConfigurationList = 3809F4A22645A17B0003EE05 /* Build configuration list for PBXNativeTarget "RecycleApp" */;
			buildPhases = (
				97CFBF4EE25BE203E748D221 /* [CP] Check Pods Manifest.lock */,
				3809F4872645A17A0003EE05 /* Sources */,
				3809F4882645A17A0003EE05 /* Frameworks */,
				3809F4892645A17A0003EE05 /* Resources */,
				2435E4676063CD35279CC233 /* [CP] Embed Pods Frameworks */,
			);
			buildRules = (
			);
			dependencies = (
			);
			name = RecycleApp;
			packageProductDependencies = (
				3809F4A62645A21E0003EE05 /* SwiftCSV */,
			);
			productName = RecycleApp;
			productReference = 3809F48B2645A17A0003EE05 /* RecycleApp.app */;
			productType = "com.apple.product-type.application";
		};
/* End PBXNativeTarget section */

/* Begin PBXProject section */
		3809F4832645A17A0003EE05 /* Project object */ = {
			isa = PBXProject;
			attributes = {
				LastSwiftUpdateCheck = 1250;
				LastUpgradeCheck = 1250;
				TargetAttributes = {
					3809F48A2645A17A0003EE05 = {
						CreatedOnToolsVersion = 12.5;
					};
				};
			};
			buildConfigurationList = 3809F4862645A17A0003EE05 /* Build configuration list for PBXProject "RecycleApp" */;
			compatibilityVersion = "Xcode 9.3";
			developmentRegion = en;
			hasScannedForEncodings = 0;
			knownRegions = (
				en,
				Base,
			);
			mainGroup = 3809F4822645A17A0003EE05;
			packageReferences = (
				3809F4A52645A21E0003EE05 /* XCRemoteSwiftPackageReference "SwiftCSV" */,
			);
			productRefGroup = 3809F48C2645A17A0003EE05 /* Products */;
			projectDirPath = "";
			projectRoot = "";
			targets = (
				3809F48A2645A17A0003EE05 /* RecycleApp */,
			);
		};
/* End PBXProject section */

/* Begin PBXResourcesBuildPhase section */
		3809F4892645A17A0003EE05 /* Resources */ = {
			isa = PBXResourcesBuildPhase;
			buildActionMask = 2147483647;
			files = (
				3811EE2026751B5700001F9A /* 시트 1-표 2.csv in Resources */,
				3811EE2126751B5700001F9A /* _서울특별시 14개 구 폐형광등폐건전지 분리수거함 위치.csv in Resources */,
				3809F49E2645A17B0003EE05 /* LaunchScreen.storyboard in Resources */,
				3809F49B2645A17B0003EE05 /* Preview Assets.xcassets in Resources */,
				3811EE2326751C7F00001F9A /* .gitignore in Resources */,
				3809F4982645A17B0003EE05 /* Assets.xcassets in Resources */,
			);
			runOnlyForDeploymentPostprocessing = 0;
		};
/* End PBXResourcesBuildPhase section */

/* Begin PBXShellScriptBuildPhase section */
		2435E4676063CD35279CC233 /* [CP] Embed Pods Frameworks */ = {
			isa = PBXShellScriptBuildPhase;
			buildActionMask = 2147483647;
			files = (
			);
			inputFileListPaths = (
				"${PODS_ROOT}/Target Support Files/Pods-RecycleApp/Pods-RecycleApp-frameworks-${CONFIGURATION}-input-files.xcfilelist",
			);
			name = "[CP] Embed Pods Frameworks";
			outputFileListPaths = (
				"${PODS_ROOT}/Target Support Files/Pods-RecycleApp/Pods-RecycleApp-frameworks-${CONFIGURATION}-output-files.xcfilelist",
			);
			runOnlyForDeploymentPostprocessing = 0;
			shellPath = /bin/sh;
			shellScript = "\"${PODS_ROOT}/Target Support Files/Pods-RecycleApp/Pods-RecycleApp-frameworks.sh\"\n";
			showEnvVarsInLog = 0;
		};
		97CFBF4EE25BE203E748D221 /* [CP] Check Pods Manifest.lock */ = {
			isa = PBXShellScriptBuildPhase;
			buildActionMask = 2147483647;
			files = (
			);
			inputFileListPaths = (
			);
			inputPaths = (
				"${PODS_PODFILE_DIR_PATH}/Podfile.lock",
				"${PODS_ROOT}/Manifest.lock",
			);
			name = "[CP] Check Pods Manifest.lock";
			outputFileListPaths = (
			);
			outputPaths = (
				"$(DERIVED_FILE_DIR)/Pods-RecycleApp-checkManifestLockResult.txt",
			);
			runOnlyForDeploymentPostprocessing = 0;
			shellPath = /bin/sh;
			shellScript = "diff \"${PODS_PODFILE_DIR_PATH}/Podfile.lock\" \"${PODS_ROOT}/Manifest.lock\" > /dev/null\nif [ $? != 0 ] ; then\n    # print error to STDERR\n    echo \"error: The sandbox is not in sync with the Podfile.lock. Run 'pod install' or update your CocoaPods installation.\" >&2\n    exit 1\nfi\n# This output is used by Xcode 'outputs' to avoid re-running this script phase.\necho \"SUCCESS\" > \"${SCRIPT_OUTPUT_FILE_0}\"\n";
			showEnvVarsInLog = 0;
		};
/* End PBXShellScriptBuildPhase section */

/* Begin PBXSourcesBuildPhase section */
		3809F4872645A17A0003EE05 /* Sources */ = {
			isa = PBXSourcesBuildPhase;
			buildActionMask = 2147483647;
			files = (
				3811EE1A2675194000001F9A /* Geocode.swift in Sources */,
				3809F4AD2645A3610003EE05 /* LightAndBattery+CoreDataProperties.swift in Sources */,
				3809F48F2645A17A0003EE05 /* AppDelegate.swift in Sources */,
				3809F4AF2645A3610003EE05 /* Recycle+CoreDataProperties.swift in Sources */,
				3809F4912645A17A0003EE05 /* SceneDelegate.swift in Sources */,
				3811EE1C26751A8E00001F9A /* NMapViewModel.swift in Sources */,
				3809F4AE2645A3610003EE05 /* Recycle+CoreDataClass.swift in Sources */,
				3809F4932645A17A0003EE05 /* ContentView.swift in Sources */,
				3809F4AC2645A3610003EE05 /* LightAndBattery+CoreDataClass.swift in Sources */,
				3809F4B12645A3A80003EE05 /* DataManager.swift in Sources */,
				3809F4962645A17A0003EE05 /* RecycleApp.xcdatamodeld in Sources */,
			);
			runOnlyForDeploymentPostprocessing = 0;
		};
/* End PBXSourcesBuildPhase section */

/* Begin PBXVariantGroup section */
		3809F49C2645A17B0003EE05 /* LaunchScreen.storyboard */ = {
			isa = PBXVariantGroup;
			children = (
				3809F49D2645A17B0003EE05 /* Base */,
			);
			name = LaunchScreen.storyboard;
			sourceTree = "<group>";
		};
/* End PBXVariantGroup section */

/* Begin XCBuildConfiguration section */
		3809F4A02645A17B0003EE05 /* Debug */ = {
			isa = XCBuildConfiguration;
			buildSettings = {
				ALWAYS_SEARCH_USER_PATHS = NO;
				CLANG_ANALYZER_NONNULL = YES;
				CLANG_ANALYZER_NUMBER_OBJECT_CONVERSION = YES_AGGRESSIVE;
				CLANG_CXX_LANGUAGE_STANDARD = "gnu++14";
				CLANG_CXX_LIBRARY = "libc++";
				CLANG_ENABLE_MODULES = YES;
				CLANG_ENABLE_OBJC_ARC = YES;
				CLANG_ENABLE_OBJC_WEAK = YES;
				CLANG_WARN_BLOCK_CAPTURE_AUTORELEASING = YES;
				CLANG_WARN_BOOL_CONVERSION = YES;
				CLANG_WARN_COMMA = YES;
				CLANG_WARN_CONSTANT_CONVERSION = YES;
				CLANG_WARN_DEPRECATED_OBJC_IMPLEMENTATIONS = YES;
				CLANG_WARN_DIRECT_OBJC_ISA_USAGE = YES_ERROR;
				CLANG_WARN_DOCUMENTATION_COMMENTS = YES;
				CLANG_WARN_EMPTY_BODY = YES;
				CLANG_WARN_ENUM_CONVERSION = YES;
				CLANG_WARN_INFINITE_RECURSION = YES;
				CLANG_WARN_INT_CONVERSION = YES;
				CLANG_WARN_NON_LITERAL_NULL_CONVERSION = YES;
				CLANG_WARN_OBJC_IMPLICIT_RETAIN_SELF = YES;
				CLANG_WARN_OBJC_LITERAL_CONVERSION = YES;
				CLANG_WARN_OBJC_ROOT_CLASS = YES_ERROR;
				CLANG_WARN_QUOTED_INCLUDE_IN_FRAMEWORK_HEADER = YES;
				CLANG_WARN_RANGE_LOOP_ANALYSIS = YES;
				CLANG_WARN_STRICT_PROTOTYPES = YES;
				CLANG_WARN_SUSPICIOUS_MOVE = YES;
				CLANG_WARN_UNGUARDED_AVAILABILITY = YES_AGGRESSIVE;
				CLANG_WARN_UNREACHABLE_CODE = YES;
				CLANG_WARN__DUPLICATE_METHOD_MATCH = YES;
				COPY_PHASE_STRIP = NO;
				DEBUG_INFORMATION_FORMAT = dwarf;
				ENABLE_STRICT_OBJC_MSGSEND = YES;
				ENABLE_TESTABILITY = YES;
				GCC_C_LANGUAGE_STANDARD = gnu11;
				GCC_DYNAMIC_NO_PIC = NO;
				GCC_NO_COMMON_BLOCKS = YES;
				GCC_OPTIMIZATION_LEVEL = 0;
				GCC_PREPROCESSOR_DEFINITIONS = (
					"DEBUG=1",
					"$(inherited)",
				);
				GCC_WARN_64_TO_32_BIT_CONVERSION = YES;
				GCC_WARN_ABOUT_RETURN_TYPE = YES_ERROR;
				GCC_WARN_UNDECLARED_SELECTOR = YES;
				GCC_WARN_UNINITIALIZED_AUTOS = YES_AGGRESSIVE;
				GCC_WARN_UNUSED_FUNCTION = YES;
				GCC_WARN_UNUSED_VARIABLE = YES;
				IPHONEOS_DEPLOYMENT_TARGET = 14.5;
				MTL_ENABLE_DEBUG_INFO = INCLUDE_SOURCE;
				MTL_FAST_MATH = YES;
				ONLY_ACTIVE_ARCH = YES;
				SDKROOT = iphoneos;
				SWIFT_ACTIVE_COMPILATION_CONDITIONS = DEBUG;
				SWIFT_OPTIMIZATION_LEVEL = "-Onone";
			};
			name = Debug;
		};
		3809F4A12645A17B0003EE05 /* Release */ = {
			isa = XCBuildConfiguration;
			buildSettings = {
				ALWAYS_SEARCH_USER_PATHS = NO;
				CLANG_ANALYZER_NONNULL = YES;
				CLANG_ANALYZER_NUMBER_OBJECT_CONVERSION = YES_AGGRESSIVE;
				CLANG_CXX_LANGUAGE_STANDARD = "gnu++14";
				CLANG_CXX_LIBRARY = "libc++";
				CLANG_ENABLE_MODULES = YES;
				CLANG_ENABLE_OBJC_ARC = YES;
				CLANG_ENABLE_OBJC_WEAK = YES;
				CLANG_WARN_BLOCK_CAPTURE_AUTORELEASING = YES;
				CLANG_WARN_BOOL_CONVERSION = YES;
				CLANG_WARN_COMMA = YES;
				CLANG_WARN_CONSTANT_CONVERSION = YES;
				CLANG_WARN_DEPRECATED_OBJC_IMPLEMENTATIONS = YES;
				CLANG_WARN_DIRECT_OBJC_ISA_USAGE = YES_ERROR;
				CLANG_WARN_DOCUMENTATION_COMMENTS = YES;
				CLANG_WARN_EMPTY_BODY = YES;
				CLANG_WARN_ENUM_CONVERSION = YES;
				CLANG_WARN_INFINITE_RECURSION = YES;
				CLANG_WARN_INT_CONVERSION = YES;
				CLANG_WARN_NON_LITERAL_NULL_CONVERSION = YES;
				CLANG_WARN_OBJC_IMPLICIT_RETAIN_SELF = YES;
				CLANG_WARN_OBJC_LITERAL_CONVERSION = YES;
				CLANG_WARN_OBJC_ROOT_CLASS = YES_ERROR;
				CLANG_WARN_QUOTED_INCLUDE_IN_FRAMEWORK_HEADER = YES;
				CLANG_WARN_RANGE_LOOP_ANALYSIS = YES;
				CLANG_WARN_STRICT_PROTOTYPES = YES;
				CLANG_WARN_SUSPICIOUS_MOVE = YES;
				CLANG_WARN_UNGUARDED_AVAILABILITY = YES_AGGRESSIVE;
				CLANG_WARN_UNREACHABLE_CODE = YES;
				CLANG_WARN__DUPLICATE_METHOD_MATCH = YES;
				COPY_PHASE_STRIP = NO;
				DEBUG_INFORMATION_FORMAT = "dwarf-with-dsym";
				ENABLE_NS_ASSERTIONS = NO;
				ENABLE_STRICT_OBJC_MSGSEND = YES;
				GCC_C_LANGUAGE_STANDARD = gnu11;
				GCC_NO_COMMON_BLOCKS = YES;
				GCC_WARN_64_TO_32_BIT_CONVERSION = YES;
				GCC_WARN_ABOUT_RETURN_TYPE = YES_ERROR;
				GCC_WARN_UNDECLARED_SELECTOR = YES;
				GCC_WARN_UNINITIALIZED_AUTOS = YES_AGGRESSIVE;
				GCC_WARN_UNUSED_FUNCTION = YES;
				GCC_WARN_UNUSED_VARIABLE = YES;
				IPHONEOS_DEPLOYMENT_TARGET = 14.5;
				MTL_ENABLE_DEBUG_INFO = NO;
				MTL_FAST_MATH = YES;
				SDKROOT = iphoneos;
				SWIFT_COMPILATION_MODE = wholemodule;
				SWIFT_OPTIMIZATION_LEVEL = "-O";
				VALIDATE_PRODUCT = YES;
			};
			name = Release;
		};
		3809F4A32645A17B0003EE05 /* Debug */ = {
			isa = XCBuildConfiguration;
			baseConfigurationReference = 5EDF2CD2E65C2815852548E9 /* Pods-RecycleApp.debug.xcconfig */;
			buildSettings = {
				ASSETCATALOG_COMPILER_APPICON_NAME = AppIcon;
				ASSETCATALOG_COMPILER_GLOBAL_ACCENT_COLOR_NAME = AccentColor;
				CODE_SIGN_STYLE = Automatic;
				DEVELOPMENT_ASSET_PATHS = "\"RecycleApp/Preview Content\"";
				DEVELOPMENT_TEAM = 3Y3Z2Z567H;
				ENABLE_PREVIEWS = YES;
				INFOPLIST_FILE = RecycleApp/Info.plist;
				LD_RUNPATH_SEARCH_PATHS = (
					"$(inherited)",
					"@executable_path/Frameworks",
				);
				PRODUCT_BUNDLE_IDENTIFIER = kr.ac.sogang.cscp2.20150195.RecycleApp;
				PRODUCT_NAME = "$(TARGET_NAME)";
				SWIFT_VERSION = 5.0;
				TARGETED_DEVICE_FAMILY = "1,2";
			};
			name = Debug;
		};
		3809F4A42645A17B0003EE05 /* Release */ = {
			isa = XCBuildConfiguration;
			baseConfigurationReference = D087B42521C61F67D3382995 /* Pods-RecycleApp.release.xcconfig */;
			buildSettings = {
				ASSETCATALOG_COMPILER_APPICON_NAME = AppIcon;
				ASSETCATALOG_COMPILER_GLOBAL_ACCENT_COLOR_NAME = AccentColor;
				CODE_SIGN_STYLE = Automatic;
				DEVELOPMENT_ASSET_PATHS = "\"RecycleApp/Preview Content\"";
				DEVELOPMENT_TEAM = 3Y3Z2Z567H;
				ENABLE_PREVIEWS = YES;
				INFOPLIST_FILE = RecycleApp/Info.plist;
				LD_RUNPATH_SEARCH_PATHS = (
					"$(inherited)",
					"@executable_path/Frameworks",
				);
				PRODUCT_BUNDLE_IDENTIFIER = kr.ac.sogang.cscp2.20150195.RecycleApp;
				PRODUCT_NAME = "$(TARGET_NAME)";
				SWIFT_VERSION = 5.0;
				TARGETED_DEVICE_FAMILY = "1,2";
			};
			name = Release;
		};
/* End XCBuildConfiguration section */

/* Begin XCConfigurationList section */
		3809F4862645A17A0003EE05 /* Build configuration list for PBXProject "RecycleApp" */ = {
			isa = XCConfigurationList;
			buildConfigurations = (
				3809F4A02645A17B0003EE05 /* Debug */,
				3809F4A12645A17B0003EE05 /* Release */,
			);
			defaultConfigurationIsVisible = 0;
			defaultConfigurationName = Release;
		};
		3809F4A22645A17B0003EE05 /* Build configuration list for PBXNativeTarget "RecycleApp" */ = {
			isa = XCConfigurationList;
			buildConfigurations = (
				3809F4A32645A17B0003EE05 /* Debug */,
				3809F4A42645A17B0003EE05 /* Release */,
			);
			defaultConfigurationIsVisible = 0;
			defaultConfigurationName = Release;
		};
/* End XCConfigurationList section */

/* Begin XCRemoteSwiftPackageReference section */
		3809F4A52645A21E0003EE05 /* XCRemoteSwiftPackageReference "SwiftCSV" */ = {
			isa = XCRemoteSwiftPackageReference;
			repositoryURL = "https://github.com/swiftcsv/SwiftCSV";
			requirement = {
				kind = upToNextMajorVersion;
				minimumVersion = 0.6.0;
			};
		};
/* End XCRemoteSwiftPackageReference section */

/* Begin XCSwiftPackageProductDependency section */
		3809F4A62645A21E0003EE05 /* SwiftCSV */ = {
			isa = XCSwiftPackageProductDependency;
			package = 3809F4A52645A21E0003EE05 /* XCRemoteSwiftPackageReference "SwiftCSV" */;
			productName = SwiftCSV;
		};
/* End XCSwiftPackageProductDependency section */

/* Begin XCVersionGroup section */
		3809F4942645A17A0003EE05 /* RecycleApp.xcdatamodeld */ = {
			isa = XCVersionGroup;
			children = (
				3809F4952645A17A0003EE05 /* RecycleApp.xcdatamodel */,
			);
			currentVersion = 3809F4952645A17A0003EE05 /* RecycleApp.xcdatamodel */;
			path = RecycleApp.xcdatamodeld;
			sourceTree = "<group>";
			versionGroupType = wrapper.xcdatamodel;
		};
/* End XCVersionGroup section */
	};
	rootObject = 3809F4832645A17A0003EE05 /* Project object */;
}
