// !$*UTF8*$!
{
	archiveVersion = 1;
	classes = {
	};
	objectVersion = 52;
	objects = {

/* Begin PBXBuildFile section */
		381955EE2642FC99001A9F2A /* AppDelegate.swift in Sources */ = {isa = PBXBuildFile; fileRef = 381955ED2642FC99001A9F2A /* AppDelegate.swift */; };
		381955F02642FC99001A9F2A /* SceneDelegate.swift in Sources */ = {isa = PBXBuildFile; fileRef = 381955EF2642FC99001A9F2A /* SceneDelegate.swift */; };
		381955F22642FC99001A9F2A /* ViewController.swift in Sources */ = {isa = PBXBuildFile; fileRef = 381955F12642FC99001A9F2A /* ViewController.swift */; };
		381955F82642FC99001A9F2A /* CD_RECYCLE.xcdatamodeld in Sources */ = {isa = PBXBuildFile; fileRef = 381955F62642FC99001A9F2A /* CD_RECYCLE.xcdatamodeld */; };
		381955FD2642FC9A001A9F2A /* LaunchScreen.storyboard in Resources */ = {isa = PBXBuildFile; fileRef = 381955FB2642FC9A001A9F2A /* LaunchScreen.storyboard */; };
		381956222642FEB0001A9F2A /* Recycle+CoreDataClass.swift in Sources */ = {isa = PBXBuildFile; fileRef = 381956202642FEB0001A9F2A /* Recycle+CoreDataClass.swift */; };
		381956232642FEB0001A9F2A /* Recycle+CoreDataProperties.swift in Sources */ = {isa = PBXBuildFile; fileRef = 381956212642FEB0001A9F2A /* Recycle+CoreDataProperties.swift */; };
		381956272643058D001A9F2A /* _서울특별시 14개 구 폐형광등폐건전지 분리수거함 위치.csv in Resources */ = {isa = PBXBuildFile; fileRef = 381956252643058D001A9F2A /* _서울특별시 14개 구 폐형광등폐건전지 분리수거함 위치.csv */; };
		381956282643058D001A9F2A /* 시트 1-표 2.csv in Resources */ = {isa = PBXBuildFile; fileRef = 381956262643058D001A9F2A /* 시트 1-표 2.csv */; };
		383B257E2679B78C00EC2A58 /* FirstChildViewController.swift in Sources */ = {isa = PBXBuildFile; fileRef = 383B257C2679B78C00EC2A58 /* FirstChildViewController.swift */; };
		383B25872679C8DB00EC2A58 /* 도봉구가로쓰레기통.csv in Resources */ = {isa = PBXBuildFile; fileRef = 383B25852679C8DB00EC2A58 /* 도봉구가로쓰레기통.csv */; };
		383B25882679C8DB00EC2A58 /* 도봉구아이스팩.csv in Resources */ = {isa = PBXBuildFile; fileRef = 383B25862679C8DB00EC2A58 /* 도봉구아이스팩.csv */; };
		383B25952679CA7800EC2A58 /* IcePack+CoreDataClass.swift in Sources */ = {isa = PBXBuildFile; fileRef = 383B25912679CA7800EC2A58 /* IcePack+CoreDataClass.swift */; };
		383B25962679CA7800EC2A58 /* IcePack+CoreDataProperties.swift in Sources */ = {isa = PBXBuildFile; fileRef = 383B25922679CA7800EC2A58 /* IcePack+CoreDataProperties.swift */; };
		383B25972679CA7800EC2A58 /* TrashCan+CoreDataClass.swift in Sources */ = {isa = PBXBuildFile; fileRef = 383B25932679CA7800EC2A58 /* TrashCan+CoreDataClass.swift */; };
		383B25982679CA7800EC2A58 /* TrashCan+CoreDataProperties.swift in Sources */ = {isa = PBXBuildFile; fileRef = 383B25942679CA7800EC2A58 /* TrashCan+CoreDataProperties.swift */; };
		383B259A2679D1A600EC2A58 /* SecondChildViewController.swift in Sources */ = {isa = PBXBuildFile; fileRef = 383B25992679D1A600EC2A58 /* SecondChildViewController.swift */; };
		383B259C2679D1B400EC2A58 /* ThirdChildViewController.swift in Sources */ = {isa = PBXBuildFile; fileRef = 383B259B2679D1B400EC2A58 /* ThirdChildViewController.swift */; };
		383B259E2679DDB200EC2A58 /* FourthChildViewController.swift in Sources */ = {isa = PBXBuildFile; fileRef = 383B259D2679DDB200EC2A58 /* FourthChildViewController.swift */; };
		383B25A02679E24B00EC2A58 /* .gitignore in Resources */ = {isa = PBXBuildFile; fileRef = 383B259F2679E24B00EC2A58 /* .gitignore */; };
		38A9C3E32643A91F00576AA6 /* EnumeratedView.swift in Sources */ = {isa = PBXBuildFile; fileRef = 38A9C3B52643A91F00576AA6 /* EnumeratedView.swift */; };
		38A9C3E42643A91F00576AA6 /* Description.swift in Sources */ = {isa = PBXBuildFile; fileRef = 38A9C3B62643A91F00576AA6 /* Description.swift */; };
		38A9C3E52643A91F00576AA6 /* CSV.swift in Sources */ = {isa = PBXBuildFile; fileRef = 38A9C3B72643A91F00576AA6 /* CSV.swift */; };
		38A9C3E62643A91F00576AA6 /* String+Lines.swift in Sources */ = {isa = PBXBuildFile; fileRef = 38A9C3B82643A91F00576AA6 /* String+Lines.swift */; };
		38A9C3E72643A91F00576AA6 /* NamedView.swift in Sources */ = {isa = PBXBuildFile; fileRef = 38A9C3B92643A91F00576AA6 /* NamedView.swift */; };
		38A9C3E82643A91F00576AA6 /* ParsingState.swift in Sources */ = {isa = PBXBuildFile; fileRef = 38A9C3BA2643A91F00576AA6 /* ParsingState.swift */; };
		38A9C3E92643A91F00576AA6 /* Parser.swift in Sources */ = {isa = PBXBuildFile; fileRef = 38A9C3BB2643A91F00576AA6 /* Parser.swift */; };
		38A9C3FA2643B00300576AA6 /* SwiftCSV in Frameworks */ = {isa = PBXBuildFile; productRef = 38A9C3F92643B00300576AA6 /* SwiftCSV */; };
		38A9C3FD2643DB8F00576AA6 /* LightAndBattery+CoreDataClass.swift in Sources */ = {isa = PBXBuildFile; fileRef = 38A9C3FB2643DB8F00576AA6 /* LightAndBattery+CoreDataClass.swift */; };
		38A9C3FE2643DB8F00576AA6 /* LightAndBattery+CoreDataProperties.swift in Sources */ = {isa = PBXBuildFile; fileRef = 38A9C3FC2643DB8F00576AA6 /* LightAndBattery+CoreDataProperties.swift */; };
		38D927182679E45B005CD555 /* DataManager.swift in Sources */ = {isa = PBXBuildFile; fileRef = 38D927172679E45B005CD555 /* DataManager.swift */; };
		6F2CD16580FF2C0A383DA0EC /* Pods_CD_RECYCLETests.framework in Frameworks */ = {isa = PBXBuildFile; fileRef = FE6F5598DDA3BC5BF20E6039 /* Pods_CD_RECYCLETests.framework */; };
		7149BF4ADF1A7BE1F002243D /* Pods_CD_RECYCLE.framework in Frameworks */ = {isa = PBXBuildFile; fileRef = C1F3CF017DF3179868658621 /* Pods_CD_RECYCLE.framework */; };
		84849A512670A040000CA8BA /* CameraViewController.swift in Sources */ = {isa = PBXBuildFile; fileRef = 84849A502670A040000CA8BA /* CameraViewController.swift */; };
		84849A532670AF57000CA8BA /* MapViewController.swift in Sources */ = {isa = PBXBuildFile; fileRef = 84849A522670AF57000CA8BA /* MapViewController.swift */; };
		9F47F15FEEC14227733916B7 /* Pods_CD_RECYCLE_CD_RECYCLEUITests.framework in Frameworks */ = {isa = PBXBuildFile; fileRef = 168C065F09138F460FC60B00 /* Pods_CD_RECYCLE_CD_RECYCLEUITests.framework */; };
		D4CC5596267C9FAA00ECD7CD /* Extensions.swift in Sources */ = {isa = PBXBuildFile; fileRef = D4CC5594267C9FAA00ECD7CD /* Extensions.swift */; };
		D4CC5597267C9FAA00ECD7CD /* PredictionResultViewController.swift in Sources */ = {isa = PBXBuildFile; fileRef = D4CC5595267C9FAA00ECD7CD /* PredictionResultViewController.swift */; };
		D4CC5599267C9FC300ECD7CD /* Main.storyboard in Resources */ = {isa = PBXBuildFile; fileRef = D4CC5598267C9FC300ECD7CD /* Main.storyboard */; };
/* End PBXBuildFile section */

/* Begin PBXContainerItemProxy section */
		381956042642FC9B001A9F2A /* PBXContainerItemProxy */ = {
			isa = PBXContainerItemProxy;
			containerPortal = 381955E22642FC99001A9F2A /* Project object */;
			proxyType = 1;
			remoteGlobalIDString = 381955E92642FC99001A9F2A;
			remoteInfo = CD_RECYCLE;
		};
		3819560F2642FC9B001A9F2A /* PBXContainerItemProxy */ = {
			isa = PBXContainerItemProxy;
			containerPortal = 381955E22642FC99001A9F2A /* Project object */;
			proxyType = 1;
			remoteGlobalIDString = 381955E92642FC99001A9F2A;
			remoteInfo = CD_RECYCLE;
		};
/* End PBXContainerItemProxy section */

/* Begin PBXFileReference section */
		018AD1553E7EBC7CE77E0C60 /* Pods-CD_RECYCLETests.release.xcconfig */ = {isa = PBXFileReference; includeInIndex = 1; lastKnownFileType = text.xcconfig; name = "Pods-CD_RECYCLETests.release.xcconfig"; path = "Target Support Files/Pods-CD_RECYCLETests/Pods-CD_RECYCLETests.release.xcconfig"; sourceTree = "<group>"; };
		08722F3722BB7D074E5E97F4 /* Pods-CD_RECYCLE-CD_RECYCLEUITests.release.xcconfig */ = {isa = PBXFileReference; includeInIndex = 1; lastKnownFileType = text.xcconfig; name = "Pods-CD_RECYCLE-CD_RECYCLEUITests.release.xcconfig"; path = "Target Support Files/Pods-CD_RECYCLE-CD_RECYCLEUITests/Pods-CD_RECYCLE-CD_RECYCLEUITests.release.xcconfig"; sourceTree = "<group>"; };
		168C065F09138F460FC60B00 /* Pods_CD_RECYCLE_CD_RECYCLEUITests.framework */ = {isa = PBXFileReference; explicitFileType = wrapper.framework; includeInIndex = 0; path = Pods_CD_RECYCLE_CD_RECYCLEUITests.framework; sourceTree = BUILT_PRODUCTS_DIR; };
		1965A81E49015DBB31CC2750 /* Pods-CD_RECYCLETests.debug.xcconfig */ = {isa = PBXFileReference; includeInIndex = 1; lastKnownFileType = text.xcconfig; name = "Pods-CD_RECYCLETests.debug.xcconfig"; path = "Target Support Files/Pods-CD_RECYCLETests/Pods-CD_RECYCLETests.debug.xcconfig"; sourceTree = "<group>"; };
		2913FF0D49B41691700FFAD2 /* Pods-CD_RECYCLE.debug.xcconfig */ = {isa = PBXFileReference; includeInIndex = 1; lastKnownFileType = text.xcconfig; name = "Pods-CD_RECYCLE.debug.xcconfig"; path = "Target Support Files/Pods-CD_RECYCLE/Pods-CD_RECYCLE.debug.xcconfig"; sourceTree = "<group>"; };
		381955EA2642FC99001A9F2A /* CD_RECYCLE.app */ = {isa = PBXFileReference; explicitFileType = wrapper.application; includeInIndex = 0; path = CD_RECYCLE.app; sourceTree = BUILT_PRODUCTS_DIR; };
		381955ED2642FC99001A9F2A /* AppDelegate.swift */ = {isa = PBXFileReference; lastKnownFileType = sourcecode.swift; path = AppDelegate.swift; sourceTree = "<group>"; };
		381955EF2642FC99001A9F2A /* SceneDelegate.swift */ = {isa = PBXFileReference; lastKnownFileType = sourcecode.swift; path = SceneDelegate.swift; sourceTree = "<group>"; };
		381955F12642FC99001A9F2A /* ViewController.swift */ = {isa = PBXFileReference; lastKnownFileType = sourcecode.swift; path = ViewController.swift; sourceTree = "<group>"; };
		381955F72642FC99001A9F2A /* CD_RECYCLE.xcdatamodel */ = {isa = PBXFileReference; lastKnownFileType = wrapper.xcdatamodel; path = CD_RECYCLE.xcdatamodel; sourceTree = "<group>"; };
		381955F92642FC9A001A9F2A /* Assets.xcassets */ = {isa = PBXFileReference; lastKnownFileType = folder.assetcatalog; path = Assets.xcassets; sourceTree = "<group>"; };
		381955FC2642FC9A001A9F2A /* Base */ = {isa = PBXFileReference; lastKnownFileType = file.storyboard; name = Base; path = Base.lproj/LaunchScreen.storyboard; sourceTree = "<group>"; };
		381955FE2642FC9A001A9F2A /* Info.plist */ = {isa = PBXFileReference; lastKnownFileType = text.plist.xml; path = Info.plist; sourceTree = "<group>"; };
		381956032642FC9B001A9F2A /* CD_RECYCLETests.xctest */ = {isa = PBXFileReference; explicitFileType = wrapper.cfbundle; includeInIndex = 0; path = CD_RECYCLETests.xctest; sourceTree = BUILT_PRODUCTS_DIR; };
		3819560E2642FC9B001A9F2A /* CD_RECYCLEUITests.xctest */ = {isa = PBXFileReference; explicitFileType = wrapper.cfbundle; includeInIndex = 0; path = CD_RECYCLEUITests.xctest; sourceTree = BUILT_PRODUCTS_DIR; };
		381956202642FEB0001A9F2A /* Recycle+CoreDataClass.swift */ = {isa = PBXFileReference; lastKnownFileType = sourcecode.swift; path = "Recycle+CoreDataClass.swift"; sourceTree = "<group>"; };
		381956212642FEB0001A9F2A /* Recycle+CoreDataProperties.swift */ = {isa = PBXFileReference; lastKnownFileType = sourcecode.swift; path = "Recycle+CoreDataProperties.swift"; sourceTree = "<group>"; };
		381956252643058D001A9F2A /* _서울특별시 14개 구 폐형광등폐건전지 분리수거함 위치.csv */ = {isa = PBXFileReference; fileEncoding = 4; lastKnownFileType = text; path = "_서울특별시 14개 구 폐형광등폐건전지 분리수거함 위치.csv"; sourceTree = "<group>"; };
		381956262643058D001A9F2A /* 시트 1-표 2.csv */ = {isa = PBXFileReference; fileEncoding = 4; lastKnownFileType = text; path = "시트 1-표 2.csv"; sourceTree = "<group>"; };
		383B257C2679B78C00EC2A58 /* FirstChildViewController.swift */ = {isa = PBXFileReference; fileEncoding = 4; lastKnownFileType = sourcecode.swift; path = FirstChildViewController.swift; sourceTree = "<group>"; };
		383B25852679C8DB00EC2A58 /* 도봉구가로쓰레기통.csv */ = {isa = PBXFileReference; fileEncoding = 4; lastKnownFileType = text; name = "도봉구가로쓰레기통.csv"; path = "../../../../../../data/도봉구가로쓰레기통.csv"; sourceTree = "<group>"; };
		383B25862679C8DB00EC2A58 /* 도봉구아이스팩.csv */ = {isa = PBXFileReference; fileEncoding = 4; lastKnownFileType = text; path = "도봉구아이스팩.csv"; sourceTree = "<group>"; };
		383B25912679CA7800EC2A58 /* IcePack+CoreDataClass.swift */ = {isa = PBXFileReference; lastKnownFileType = sourcecode.swift; name = "IcePack+CoreDataClass.swift"; path = "CD_RECYCLE/IcePack+CoreDataClass.swift"; sourceTree = "<group>"; };
		383B25922679CA7800EC2A58 /* IcePack+CoreDataProperties.swift */ = {isa = PBXFileReference; lastKnownFileType = sourcecode.swift; name = "IcePack+CoreDataProperties.swift"; path = "CD_RECYCLE/IcePack+CoreDataProperties.swift"; sourceTree = "<group>"; };
		383B25932679CA7800EC2A58 /* TrashCan+CoreDataClass.swift */ = {isa = PBXFileReference; lastKnownFileType = sourcecode.swift; name = "TrashCan+CoreDataClass.swift"; path = "CD_RECYCLE/TrashCan+CoreDataClass.swift"; sourceTree = "<group>"; };
		383B25942679CA7800EC2A58 /* TrashCan+CoreDataProperties.swift */ = {isa = PBXFileReference; lastKnownFileType = sourcecode.swift; name = "TrashCan+CoreDataProperties.swift"; path = "CD_RECYCLE/TrashCan+CoreDataProperties.swift"; sourceTree = "<group>"; };
		383B25992679D1A600EC2A58 /* SecondChildViewController.swift */ = {isa = PBXFileReference; lastKnownFileType = sourcecode.swift; path = SecondChildViewController.swift; sourceTree = "<group>"; };
		383B259B2679D1B400EC2A58 /* ThirdChildViewController.swift */ = {isa = PBXFileReference; lastKnownFileType = sourcecode.swift; path = ThirdChildViewController.swift; sourceTree = "<group>"; };
		383B259D2679DDB200EC2A58 /* FourthChildViewController.swift */ = {isa = PBXFileReference; lastKnownFileType = sourcecode.swift; path = FourthChildViewController.swift; sourceTree = "<group>"; };
		383B259F2679E24B00EC2A58 /* .gitignore */ = {isa = PBXFileReference; lastKnownFileType = text; path = .gitignore; sourceTree = "<group>"; };
		38A9C3B52643A91F00576AA6 /* EnumeratedView.swift */ = {isa = PBXFileReference; fileEncoding = 4; lastKnownFileType = sourcecode.swift; path = EnumeratedView.swift; sourceTree = "<group>"; };
		38A9C3B62643A91F00576AA6 /* Description.swift */ = {isa = PBXFileReference; fileEncoding = 4; lastKnownFileType = sourcecode.swift; path = Description.swift; sourceTree = "<group>"; };
		38A9C3B72643A91F00576AA6 /* CSV.swift */ = {isa = PBXFileReference; fileEncoding = 4; lastKnownFileType = sourcecode.swift; path = CSV.swift; sourceTree = "<group>"; };
		38A9C3B82643A91F00576AA6 /* String+Lines.swift */ = {isa = PBXFileReference; fileEncoding = 4; lastKnownFileType = sourcecode.swift; path = "String+Lines.swift"; sourceTree = "<group>"; };
		38A9C3B92643A91F00576AA6 /* NamedView.swift */ = {isa = PBXFileReference; fileEncoding = 4; lastKnownFileType = sourcecode.swift; path = NamedView.swift; sourceTree = "<group>"; };
		38A9C3BA2643A91F00576AA6 /* ParsingState.swift */ = {isa = PBXFileReference; fileEncoding = 4; lastKnownFileType = sourcecode.swift; path = ParsingState.swift; sourceTree = "<group>"; };
		38A9C3BB2643A91F00576AA6 /* Parser.swift */ = {isa = PBXFileReference; fileEncoding = 4; lastKnownFileType = sourcecode.swift; path = Parser.swift; sourceTree = "<group>"; };
		38A9C3F12643AF6D00576AA6 /* EnumeratedView.swift */ = {isa = PBXFileReference; lastKnownFileType = sourcecode.swift; path = EnumeratedView.swift; sourceTree = "<group>"; };
		38A9C3F22643AF6D00576AA6 /* Description.swift */ = {isa = PBXFileReference; lastKnownFileType = sourcecode.swift; path = Description.swift; sourceTree = "<group>"; };
		38A9C3F32643AF6D00576AA6 /* CSV.swift */ = {isa = PBXFileReference; lastKnownFileType = sourcecode.swift; path = CSV.swift; sourceTree = "<group>"; };
		38A9C3F42643AF6D00576AA6 /* String+Lines.swift */ = {isa = PBXFileReference; lastKnownFileType = sourcecode.swift; path = "String+Lines.swift"; sourceTree = "<group>"; };
		38A9C3F52643AF6D00576AA6 /* NamedView.swift */ = {isa = PBXFileReference; lastKnownFileType = sourcecode.swift; path = NamedView.swift; sourceTree = "<group>"; };
		38A9C3F62643AF6D00576AA6 /* ParsingState.swift */ = {isa = PBXFileReference; lastKnownFileType = sourcecode.swift; path = ParsingState.swift; sourceTree = "<group>"; };
		38A9C3F72643AF6D00576AA6 /* Parser.swift */ = {isa = PBXFileReference; lastKnownFileType = sourcecode.swift; path = Parser.swift; sourceTree = "<group>"; };
		38A9C3FB2643DB8F00576AA6 /* LightAndBattery+CoreDataClass.swift */ = {isa = PBXFileReference; lastKnownFileType = sourcecode.swift; path = "LightAndBattery+CoreDataClass.swift"; sourceTree = "<group>"; };
		38A9C3FC2643DB8F00576AA6 /* LightAndBattery+CoreDataProperties.swift */ = {isa = PBXFileReference; lastKnownFileType = sourcecode.swift; path = "LightAndBattery+CoreDataProperties.swift"; sourceTree = "<group>"; };
		38D927172679E45B005CD555 /* DataManager.swift */ = {isa = PBXFileReference; fileEncoding = 4; lastKnownFileType = sourcecode.swift; path = DataManager.swift; sourceTree = "<group>"; };
		84849A502670A040000CA8BA /* CameraViewController.swift */ = {isa = PBXFileReference; lastKnownFileType = sourcecode.swift; path = CameraViewController.swift; sourceTree = "<group>"; };
		84849A522670AF57000CA8BA /* MapViewController.swift */ = {isa = PBXFileReference; lastKnownFileType = sourcecode.swift; path = MapViewController.swift; sourceTree = "<group>"; };
		84849A542670D7C5000CA8BA /* .gitignore */ = {isa = PBXFileReference; lastKnownFileType = text; path = .gitignore; sourceTree = "<group>"; };
		9AC8B6D0F5994C381318530C /* Pods-CD_RECYCLE.release.xcconfig */ = {isa = PBXFileReference; includeInIndex = 1; lastKnownFileType = text.xcconfig; name = "Pods-CD_RECYCLE.release.xcconfig"; path = "Target Support Files/Pods-CD_RECYCLE/Pods-CD_RECYCLE.release.xcconfig"; sourceTree = "<group>"; };
		9FF0D2DCC1B733456348E690 /* Pods-CD_RECYCLE-CD_RECYCLEUITests.debug.xcconfig */ = {isa = PBXFileReference; includeInIndex = 1; lastKnownFileType = text.xcconfig; name = "Pods-CD_RECYCLE-CD_RECYCLEUITests.debug.xcconfig"; path = "Target Support Files/Pods-CD_RECYCLE-CD_RECYCLEUITests/Pods-CD_RECYCLE-CD_RECYCLEUITests.debug.xcconfig"; sourceTree = "<group>"; };
		C1F3CF017DF3179868658621 /* Pods_CD_RECYCLE.framework */ = {isa = PBXFileReference; explicitFileType = wrapper.framework; includeInIndex = 0; path = Pods_CD_RECYCLE.framework; sourceTree = BUILT_PRODUCTS_DIR; };
		D4CC5594267C9FAA00ECD7CD /* Extensions.swift */ = {isa = PBXFileReference; fileEncoding = 4; lastKnownFileType = sourcecode.swift; path = Extensions.swift; sourceTree = "<group>"; };
		D4CC5595267C9FAA00ECD7CD /* PredictionResultViewController.swift */ = {isa = PBXFileReference; fileEncoding = 4; lastKnownFileType = sourcecode.swift; path = PredictionResultViewController.swift; sourceTree = "<group>"; };
		D4CC5598267C9FC300ECD7CD /* Main.storyboard */ = {isa = PBXFileReference; fileEncoding = 4; lastKnownFileType = file.storyboard; path = Main.storyboard; sourceTree = "<group>"; };
		FE6F5598DDA3BC5BF20E6039 /* Pods_CD_RECYCLETests.framework */ = {isa = PBXFileReference; explicitFileType = wrapper.framework; includeInIndex = 0; path = Pods_CD_RECYCLETests.framework; sourceTree = BUILT_PRODUCTS_DIR; };
/* End PBXFileReference section */

/* Begin PBXFrameworksBuildPhase section */
		381955E72642FC99001A9F2A /* Frameworks */ = {
			isa = PBXFrameworksBuildPhase;
			buildActionMask = 2147483647;
			files = (
				38A9C3FA2643B00300576AA6 /* SwiftCSV in Frameworks */,
				7149BF4ADF1A7BE1F002243D /* Pods_CD_RECYCLE.framework in Frameworks */,
			);
			runOnlyForDeploymentPostprocessing = 0;
		};
		381956002642FC9B001A9F2A /* Frameworks */ = {
			isa = PBXFrameworksBuildPhase;
			buildActionMask = 2147483647;
			files = (
				6F2CD16580FF2C0A383DA0EC /* Pods_CD_RECYCLETests.framework in Frameworks */,
			);
			runOnlyForDeploymentPostprocessing = 0;
		};
		3819560B2642FC9B001A9F2A /* Frameworks */ = {
			isa = PBXFrameworksBuildPhase;
			buildActionMask = 2147483647;
			files = (
				9F47F15FEEC14227733916B7 /* Pods_CD_RECYCLE_CD_RECYCLEUITests.framework in Frameworks */,
			);
			runOnlyForDeploymentPostprocessing = 0;
		};
/* End PBXFrameworksBuildPhase section */

/* Begin PBXGroup section */
		381955E12642FC99001A9F2A = {
			isa = PBXGroup;
			children = (
				383B259F2679E24B00EC2A58 /* .gitignore */,
				38A9C3B42643A91F00576AA6 /* SwiftCSV */,
				383B25912679CA7800EC2A58 /* IcePack+CoreDataClass.swift */,
				383B25922679CA7800EC2A58 /* IcePack+CoreDataProperties.swift */,
				383B25932679CA7800EC2A58 /* TrashCan+CoreDataClass.swift */,
				383B25942679CA7800EC2A58 /* TrashCan+CoreDataProperties.swift */,
				38A9C3FB2643DB8F00576AA6 /* LightAndBattery+CoreDataClass.swift */,
				38A9C3FC2643DB8F00576AA6 /* LightAndBattery+CoreDataProperties.swift */,
				381956202642FEB0001A9F2A /* Recycle+CoreDataClass.swift */,
				381956212642FEB0001A9F2A /* Recycle+CoreDataProperties.swift */,
				381955EC2642FC99001A9F2A /* CD_RECYCLE */,
				381955EB2642FC99001A9F2A /* Products */,
				38A9C3EF2643AF6D00576AA6 /* Frameworks */,
				3C564165A3002154CB9DABF7 /* Pods */,
			);
			sourceTree = "<group>";
		};
		381955EB2642FC99001A9F2A /* Products */ = {
			isa = PBXGroup;
			children = (
				381955EA2642FC99001A9F2A /* CD_RECYCLE.app */,
				381956032642FC9B001A9F2A /* CD_RECYCLETests.xctest */,
				3819560E2642FC9B001A9F2A /* CD_RECYCLEUITests.xctest */,
			);
			name = Products;
			sourceTree = "<group>";
		};
		381955EC2642FC99001A9F2A /* CD_RECYCLE */ = {
			isa = PBXGroup;
			children = (
				D4CC5598267C9FC300ECD7CD /* Main.storyboard */,
				D4CC5594267C9FAA00ECD7CD /* Extensions.swift */,
				D4CC5595267C9FAA00ECD7CD /* PredictionResultViewController.swift */,
				381955ED2642FC99001A9F2A /* AppDelegate.swift */,
				381955EF2642FC99001A9F2A /* SceneDelegate.swift */,
				381955F12642FC99001A9F2A /* ViewController.swift */,
				38D927172679E45B005CD555 /* DataManager.swift */,
				84849A502670A040000CA8BA /* CameraViewController.swift */,
				84849A522670AF57000CA8BA /* MapViewController.swift */,
				383B257C2679B78C00EC2A58 /* FirstChildViewController.swift */,
				383B25992679D1A600EC2A58 /* SecondChildViewController.swift */,
				383B259B2679D1B400EC2A58 /* ThirdChildViewController.swift */,
				383B259D2679DDB200EC2A58 /* FourthChildViewController.swift */,
				381956242643058D001A9F2A /* data */,
				381955F92642FC9A001A9F2A /* Assets.xcassets */,
				381955FB2642FC9A001A9F2A /* LaunchScreen.storyboard */,
				381955FE2642FC9A001A9F2A /* Info.plist */,
				381955F62642FC99001A9F2A /* CD_RECYCLE.xcdatamodeld */,
			);
			path = CD_RECYCLE;
			sourceTree = "<group>";
		};
		381956242643058D001A9F2A /* data */ = {
			isa = PBXGroup;
			children = (
				383B25852679C8DB00EC2A58 /* 도봉구가로쓰레기통.csv */,
				383B25862679C8DB00EC2A58 /* 도봉구아이스팩.csv */,
				381956252643058D001A9F2A /* _서울특별시 14개 구 폐형광등폐건전지 분리수거함 위치.csv */,
				381956262643058D001A9F2A /* 시트 1-표 2.csv */,
			);
			path = data;
			sourceTree = SOURCE_ROOT;
		};
		38A9C3B42643A91F00576AA6 /* SwiftCSV */ = {
			isa = PBXGroup;
			children = (
				84849A542670D7C5000CA8BA /* .gitignore */,
				38A9C3B52643A91F00576AA6 /* EnumeratedView.swift */,
				38A9C3B62643A91F00576AA6 /* Description.swift */,
				38A9C3B72643A91F00576AA6 /* CSV.swift */,
				38A9C3B82643A91F00576AA6 /* String+Lines.swift */,
				38A9C3B92643A91F00576AA6 /* NamedView.swift */,
				38A9C3BA2643A91F00576AA6 /* ParsingState.swift */,
				38A9C3BB2643A91F00576AA6 /* Parser.swift */,
			);
			path = SwiftCSV;
			sourceTree = "<group>";
		};
		38A9C3EF2643AF6D00576AA6 /* Frameworks */ = {
			isa = PBXGroup;
			children = (
				38A9C3F02643AF6D00576AA6 /* SwiftCSV */,
				C1F3CF017DF3179868658621 /* Pods_CD_RECYCLE.framework */,
				168C065F09138F460FC60B00 /* Pods_CD_RECYCLE_CD_RECYCLEUITests.framework */,
				FE6F5598DDA3BC5BF20E6039 /* Pods_CD_RECYCLETests.framework */,
			);
			name = Frameworks;
			sourceTree = "<group>";
		};
		38A9C3F02643AF6D00576AA6 /* SwiftCSV */ = {
			isa = PBXGroup;
			children = (
				38A9C3F12643AF6D00576AA6 /* EnumeratedView.swift */,
				38A9C3F22643AF6D00576AA6 /* Description.swift */,
				38A9C3F32643AF6D00576AA6 /* CSV.swift */,
				38A9C3F42643AF6D00576AA6 /* String+Lines.swift */,
				38A9C3F52643AF6D00576AA6 /* NamedView.swift */,
				38A9C3F62643AF6D00576AA6 /* ParsingState.swift */,
				38A9C3F72643AF6D00576AA6 /* Parser.swift */,
			);
			path = SwiftCSV;
			sourceTree = "<group>";
		};
		3C564165A3002154CB9DABF7 /* Pods */ = {
			isa = PBXGroup;
			children = (
				2913FF0D49B41691700FFAD2 /* Pods-CD_RECYCLE.debug.xcconfig */,
				9AC8B6D0F5994C381318530C /* Pods-CD_RECYCLE.release.xcconfig */,
				9FF0D2DCC1B733456348E690 /* Pods-CD_RECYCLE-CD_RECYCLEUITests.debug.xcconfig */,
				08722F3722BB7D074E5E97F4 /* Pods-CD_RECYCLE-CD_RECYCLEUITests.release.xcconfig */,
				1965A81E49015DBB31CC2750 /* Pods-CD_RECYCLETests.debug.xcconfig */,
				018AD1553E7EBC7CE77E0C60 /* Pods-CD_RECYCLETests.release.xcconfig */,
			);
			path = Pods;
			sourceTree = "<group>";
		};
/* End PBXGroup section */

/* Begin PBXNativeTarget section */
		381955E92642FC99001A9F2A /* CD_RECYCLE */ = {
			isa = PBXNativeTarget;
			buildConfigurationList = 381956172642FC9B001A9F2A /* Build configuration list for PBXNativeTarget "CD_RECYCLE" */;
			buildPhases = (
				176D8626F0B15145BB8817E8 /* [CP] Check Pods Manifest.lock */,
				381955E62642FC99001A9F2A /* Sources */,
				381955E72642FC99001A9F2A /* Frameworks */,
				381955E82642FC99001A9F2A /* Resources */,
				2B3A359D934CE39536235E76 /* [CP] Embed Pods Frameworks */,
			);
			buildRules = (
			);
			dependencies = (
			);
			name = CD_RECYCLE;
			packageProductDependencies = (
				38A9C3F92643B00300576AA6 /* SwiftCSV */,
			);
			productName = CD_RECYCLE;
			productReference = 381955EA2642FC99001A9F2A /* CD_RECYCLE.app */;
			productType = "com.apple.product-type.application";
		};
		381956022642FC9B001A9F2A /* CD_RECYCLETests */ = {
			isa = PBXNativeTarget;
			buildConfigurationList = 3819561A2642FC9B001A9F2A /* Build configuration list for PBXNativeTarget "CD_RECYCLETests" */;
			buildPhases = (
				1BA717B551A8086F68BBDD6A /* [CP] Check Pods Manifest.lock */,
				381955FF2642FC9B001A9F2A /* Sources */,
				381956002642FC9B001A9F2A /* Frameworks */,
				381956012642FC9B001A9F2A /* Resources */,
			);
			buildRules = (
			);
			dependencies = (
				381956052642FC9B001A9F2A /* PBXTargetDependency */,
			);
			name = CD_RECYCLETests;
			productName = CD_RECYCLETests;
			productReference = 381956032642FC9B001A9F2A /* CD_RECYCLETests.xctest */;
			productType = "com.apple.product-type.bundle.unit-test";
		};
		3819560D2642FC9B001A9F2A /* CD_RECYCLEUITests */ = {
			isa = PBXNativeTarget;
			buildConfigurationList = 3819561D2642FC9B001A9F2A /* Build configuration list for PBXNativeTarget "CD_RECYCLEUITests" */;
			buildPhases = (
				F543DAE465A73DEF139741CA /* [CP] Check Pods Manifest.lock */,
				3819560A2642FC9B001A9F2A /* Sources */,
				3819560B2642FC9B001A9F2A /* Frameworks */,
				3819560C2642FC9B001A9F2A /* Resources */,
				5370CA14FE7E3C9C7E0A196F /* [CP] Embed Pods Frameworks */,
			);
			buildRules = (
			);
			dependencies = (
				381956102642FC9B001A9F2A /* PBXTargetDependency */,
			);
			name = CD_RECYCLEUITests;
			productName = CD_RECYCLEUITests;
			productReference = 3819560E2642FC9B001A9F2A /* CD_RECYCLEUITests.xctest */;
			productType = "com.apple.product-type.bundle.ui-testing";
		};
/* End PBXNativeTarget section */

/* Begin PBXProject section */
		381955E22642FC99001A9F2A /* Project object */ = {
			isa = PBXProject;
			attributes = {
				LastSwiftUpdateCheck = 1250;
				LastUpgradeCheck = 1250;
				TargetAttributes = {
					381955E92642FC99001A9F2A = {
						CreatedOnToolsVersion = 12.5;
						LastSwiftMigration = 1250;
					};
					381956022642FC9B001A9F2A = {
						CreatedOnToolsVersion = 12.5;
						TestTargetID = 381955E92642FC99001A9F2A;
					};
					3819560D2642FC9B001A9F2A = {
						CreatedOnToolsVersion = 12.5;
						TestTargetID = 381955E92642FC99001A9F2A;
					};
				};
			};
			buildConfigurationList = 381955E52642FC99001A9F2A /* Build configuration list for PBXProject "CD_RECYCLE" */;
			compatibilityVersion = "Xcode 9.3";
			developmentRegion = en;
			hasScannedForEncodings = 0;
			knownRegions = (
				en,
				Base,
			);
			mainGroup = 381955E12642FC99001A9F2A;
			packageReferences = (
				38A9C3F82643B00300576AA6 /* XCRemoteSwiftPackageReference "SwiftCSV" */,
			);
			productRefGroup = 381955EB2642FC99001A9F2A /* Products */;
			projectDirPath = "";
			projectRoot = "";
			targets = (
				381955E92642FC99001A9F2A /* CD_RECYCLE */,
				381956022642FC9B001A9F2A /* CD_RECYCLETests */,
				3819560D2642FC9B001A9F2A /* CD_RECYCLEUITests */,
			);
		};
/* End PBXProject section */

/* Begin PBXResourcesBuildPhase section */
		381955E82642FC99001A9F2A /* Resources */ = {
			isa = PBXResourcesBuildPhase;
			buildActionMask = 2147483647;
			files = (
				D4CC5599267C9FC300ECD7CD /* Main.storyboard in Resources */,
				383B25872679C8DB00EC2A58 /* 도봉구가로쓰레기통.csv in Resources */,
				381955FD2642FC9A001A9F2A /* LaunchScreen.storyboard in Resources */,
				381956282643058D001A9F2A /* 시트 1-표 2.csv in Resources */,
				381956272643058D001A9F2A /* _서울특별시 14개 구 폐형광등폐건전지 분리수거함 위치.csv in Resources */,
				383B25A02679E24B00EC2A58 /* .gitignore in Resources */,
				383B25882679C8DB00EC2A58 /* 도봉구아이스팩.csv in Resources */,
			);
			runOnlyForDeploymentPostprocessing = 0;
		};
		381956012642FC9B001A9F2A /* Resources */ = {
			isa = PBXResourcesBuildPhase;
			buildActionMask = 2147483647;
			files = (
			);
			runOnlyForDeploymentPostprocessing = 0;
		};
		3819560C2642FC9B001A9F2A /* Resources */ = {
			isa = PBXResourcesBuildPhase;
			buildActionMask = 2147483647;
			files = (
			);
			runOnlyForDeploymentPostprocessing = 0;
		};
/* End PBXResourcesBuildPhase section */

/* Begin PBXShellScriptBuildPhase section */
		176D8626F0B15145BB8817E8 /* [CP] Check Pods Manifest.lock */ = {
			isa = PBXShellScriptBuildPhase;
			buildActionMask = 2147483647;
			files = (
			);
			inputFileListPaths = (
			);
			inputPaths = (
				"${PODS_PODFILE_DIR_PATH}/Podfile.lock",
				"${PODS_ROOT}/Manifest.lock",
			);
			name = "[CP] Check Pods Manifest.lock";
			outputFileListPaths = (
			);
			outputPaths = (
				"$(DERIVED_FILE_DIR)/Pods-CD_RECYCLE-checkManifestLockResult.txt",
			);
			runOnlyForDeploymentPostprocessing = 0;
			shellPath = /bin/sh;
			shellScript = "diff \"${PODS_PODFILE_DIR_PATH}/Podfile.lock\" \"${PODS_ROOT}/Manifest.lock\" > /dev/null\nif [ $? != 0 ] ; then\n    # print error to STDERR\n    echo \"error: The sandbox is not in sync with the Podfile.lock. Run 'pod install' or update your CocoaPods installation.\" >&2\n    exit 1\nfi\n# This output is used by Xcode 'outputs' to avoid re-running this script phase.\necho \"SUCCESS\" > \"${SCRIPT_OUTPUT_FILE_0}\"\n";
			showEnvVarsInLog = 0;
		};
		1BA717B551A8086F68BBDD6A /* [CP] Check Pods Manifest.lock */ = {
			isa = PBXShellScriptBuildPhase;
			buildActionMask = 2147483647;
			files = (
			);
			inputFileListPaths = (
			);
			inputPaths = (
				"${PODS_PODFILE_DIR_PATH}/Podfile.lock",
				"${PODS_ROOT}/Manifest.lock",
			);
			name = "[CP] Check Pods Manifest.lock";
			outputFileListPaths = (
			);
			outputPaths = (
				"$(DERIVED_FILE_DIR)/Pods-CD_RECYCLETests-checkManifestLockResult.txt",
			);
			runOnlyForDeploymentPostprocessing = 0;
			shellPath = /bin/sh;
			shellScript = "diff \"${PODS_PODFILE_DIR_PATH}/Podfile.lock\" \"${PODS_ROOT}/Manifest.lock\" > /dev/null\nif [ $? != 0 ] ; then\n    # print error to STDERR\n    echo \"error: The sandbox is not in sync with the Podfile.lock. Run 'pod install' or update your CocoaPods installation.\" >&2\n    exit 1\nfi\n# This output is used by Xcode 'outputs' to avoid re-running this script phase.\necho \"SUCCESS\" > \"${SCRIPT_OUTPUT_FILE_0}\"\n";
			showEnvVarsInLog = 0;
		};
		2B3A359D934CE39536235E76 /* [CP] Embed Pods Frameworks */ = {
			isa = PBXShellScriptBuildPhase;
			buildActionMask = 2147483647;
			files = (
			);
			inputFileListPaths = (
				"${PODS_ROOT}/Target Support Files/Pods-CD_RECYCLE/Pods-CD_RECYCLE-frameworks-${CONFIGURATION}-input-files.xcfilelist",
			);
			name = "[CP] Embed Pods Frameworks";
			outputFileListPaths = (
				"${PODS_ROOT}/Target Support Files/Pods-CD_RECYCLE/Pods-CD_RECYCLE-frameworks-${CONFIGURATION}-output-files.xcfilelist",
			);
			runOnlyForDeploymentPostprocessing = 0;
			shellPath = /bin/sh;
			shellScript = "\"${PODS_ROOT}/Target Support Files/Pods-CD_RECYCLE/Pods-CD_RECYCLE-frameworks.sh\"\n";
			showEnvVarsInLog = 0;
		};
		5370CA14FE7E3C9C7E0A196F /* [CP] Embed Pods Frameworks */ = {
			isa = PBXShellScriptBuildPhase;
			buildActionMask = 2147483647;
			files = (
			);
			inputFileListPaths = (
				"${PODS_ROOT}/Target Support Files/Pods-CD_RECYCLE-CD_RECYCLEUITests/Pods-CD_RECYCLE-CD_RECYCLEUITests-frameworks-${CONFIGURATION}-input-files.xcfilelist",
			);
			name = "[CP] Embed Pods Frameworks";
			outputFileListPaths = (
				"${PODS_ROOT}/Target Support Files/Pods-CD_RECYCLE-CD_RECYCLEUITests/Pods-CD_RECYCLE-CD_RECYCLEUITests-frameworks-${CONFIGURATION}-output-files.xcfilelist",
			);
			runOnlyForDeploymentPostprocessing = 0;
			shellPath = /bin/sh;
			shellScript = "\"${PODS_ROOT}/Target Support Files/Pods-CD_RECYCLE-CD_RECYCLEUITests/Pods-CD_RECYCLE-CD_RECYCLEUITests-frameworks.sh\"\n";
			showEnvVarsInLog = 0;
		};
		F543DAE465A73DEF139741CA /* [CP] Check Pods Manifest.lock */ = {
			isa = PBXShellScriptBuildPhase;
			buildActionMask = 2147483647;
			files = (
			);
			inputFileListPaths = (
			);
			inputPaths = (
				"${PODS_PODFILE_DIR_PATH}/Podfile.lock",
				"${PODS_ROOT}/Manifest.lock",
			);
			name = "[CP] Check Pods Manifest.lock";
			outputFileListPaths = (
			);
			outputPaths = (
				"$(DERIVED_FILE_DIR)/Pods-CD_RECYCLE-CD_RECYCLEUITests-checkManifestLockResult.txt",
			);
			runOnlyForDeploymentPostprocessing = 0;
			shellPath = /bin/sh;
			shellScript = "diff \"${PODS_PODFILE_DIR_PATH}/Podfile.lock\" \"${PODS_ROOT}/Manifest.lock\" > /dev/null\nif [ $? != 0 ] ; then\n    # print error to STDERR\n    echo \"error: The sandbox is not in sync with the Podfile.lock. Run 'pod install' or update your CocoaPods installation.\" >&2\n    exit 1\nfi\n# This output is used by Xcode 'outputs' to avoid re-running this script phase.\necho \"SUCCESS\" > \"${SCRIPT_OUTPUT_FILE_0}\"\n";
			showEnvVarsInLog = 0;
		};
/* End PBXShellScriptBuildPhase section */

/* Begin PBXSourcesBuildPhase section */
		381955E62642FC99001A9F2A /* Sources */ = {
			isa = PBXSourcesBuildPhase;
			buildActionMask = 2147483647;
			files = (
				383B25972679CA7800EC2A58 /* TrashCan+CoreDataClass.swift in Sources */,
				D4CC5596267C9FAA00ECD7CD /* Extensions.swift in Sources */,
				383B25982679CA7800EC2A58 /* TrashCan+CoreDataProperties.swift in Sources */,
				38A9C3E52643A91F00576AA6 /* CSV.swift in Sources */,
				383B259A2679D1A600EC2A58 /* SecondChildViewController.swift in Sources */,
				381955F82642FC99001A9F2A /* CD_RECYCLE.xcdatamodeld in Sources */,
				38A9C3FD2643DB8F00576AA6 /* LightAndBattery+CoreDataClass.swift in Sources */,
				381955F22642FC99001A9F2A /* ViewController.swift in Sources */,
				381956222642FEB0001A9F2A /* Recycle+CoreDataClass.swift in Sources */,
				381955EE2642FC99001A9F2A /* AppDelegate.swift in Sources */,
				381956232642FEB0001A9F2A /* Recycle+CoreDataProperties.swift in Sources */,
				381955F02642FC99001A9F2A /* SceneDelegate.swift in Sources */,
				38D927182679E45B005CD555 /* DataManager.swift in Sources */,
				383B259E2679DDB200EC2A58 /* FourthChildViewController.swift in Sources */,
				383B257E2679B78C00EC2A58 /* FirstChildViewController.swift in Sources */,
				38A9C3E32643A91F00576AA6 /* EnumeratedView.swift in Sources */,
				383B25962679CA7800EC2A58 /* IcePack+CoreDataProperties.swift in Sources */,
				38A9C3E82643A91F00576AA6 /* ParsingState.swift in Sources */,
				383B25952679CA7800EC2A58 /* IcePack+CoreDataClass.swift in Sources */,
				38A9C3E92643A91F00576AA6 /* Parser.swift in Sources */,
				38A9C3E72643A91F00576AA6 /* NamedView.swift in Sources */,
				38A9C3FE2643DB8F00576AA6 /* LightAndBattery+CoreDataProperties.swift in Sources */,
				84849A512670A040000CA8BA /* CameraViewController.swift in Sources */,
				38A9C3E62643A91F00576AA6 /* String+Lines.swift in Sources */,
				38A9C3E42643A91F00576AA6 /* Description.swift in Sources */,
				84849A532670AF57000CA8BA /* MapViewController.swift in Sources */,
				D4CC5597267C9FAA00ECD7CD /* PredictionResultViewController.swift in Sources */,
				383B259C2679D1B400EC2A58 /* ThirdChildViewController.swift in Sources */,
			);
			runOnlyForDeploymentPostprocessing = 0;
		};
		381955FF2642FC9B001A9F2A /* Sources */ = {
			isa = PBXSourcesBuildPhase;
			buildActionMask = 2147483647;
			files = (
			);
			runOnlyForDeploymentPostprocessing = 0;
		};
		3819560A2642FC9B001A9F2A /* Sources */ = {
			isa = PBXSourcesBuildPhase;
			buildActionMask = 2147483647;
			files = (
			);
			runOnlyForDeploymentPostprocessing = 0;
		};
/* End PBXSourcesBuildPhase section */

/* Begin PBXTargetDependency section */
		381956052642FC9B001A9F2A /* PBXTargetDependency */ = {
			isa = PBXTargetDependency;
			target = 381955E92642FC99001A9F2A /* CD_RECYCLE */;
			targetProxy = 381956042642FC9B001A9F2A /* PBXContainerItemProxy */;
		};
		381956102642FC9B001A9F2A /* PBXTargetDependency */ = {
			isa = PBXTargetDependency;
			target = 381955E92642FC99001A9F2A /* CD_RECYCLE */;
			targetProxy = 3819560F2642FC9B001A9F2A /* PBXContainerItemProxy */;
		};
/* End PBXTargetDependency section */

/* Begin PBXVariantGroup section */
		381955FB2642FC9A001A9F2A /* LaunchScreen.storyboard */ = {
			isa = PBXVariantGroup;
			children = (
				381955FC2642FC9A001A9F2A /* Base */,
			);
			name = LaunchScreen.storyboard;
			sourceTree = "<group>";
		};
/* End PBXVariantGroup section */

/* Begin XCBuildConfiguration section */
		381956152642FC9B001A9F2A /* Debug */ = {
			isa = XCBuildConfiguration;
			buildSettings = {
				ALWAYS_SEARCH_USER_PATHS = NO;
				CLANG_ANALYZER_NONNULL = YES;
				CLANG_ANALYZER_NUMBER_OBJECT_CONVERSION = YES_AGGRESSIVE;
				CLANG_CXX_LANGUAGE_STANDARD = "gnu++14";
				CLANG_CXX_LIBRARY = "libc++";
				CLANG_ENABLE_MODULES = YES;
				CLANG_ENABLE_OBJC_ARC = YES;
				CLANG_ENABLE_OBJC_WEAK = YES;
				CLANG_WARN_BLOCK_CAPTURE_AUTORELEASING = YES;
				CLANG_WARN_BOOL_CONVERSION = YES;
				CLANG_WARN_COMMA = YES;
				CLANG_WARN_CONSTANT_CONVERSION = YES;
				CLANG_WARN_DEPRECATED_OBJC_IMPLEMENTATIONS = YES;
				CLANG_WARN_DIRECT_OBJC_ISA_USAGE = YES_ERROR;
				CLANG_WARN_DOCUMENTATION_COMMENTS = YES;
				CLANG_WARN_EMPTY_BODY = YES;
				CLANG_WARN_ENUM_CONVERSION = YES;
				CLANG_WARN_INFINITE_RECURSION = YES;
				CLANG_WARN_INT_CONVERSION = YES;
				CLANG_WARN_NON_LITERAL_NULL_CONVERSION = YES;
				CLANG_WARN_OBJC_IMPLICIT_RETAIN_SELF = YES;
				CLANG_WARN_OBJC_LITERAL_CONVERSION = YES;
				CLANG_WARN_OBJC_ROOT_CLASS = YES_ERROR;
				CLANG_WARN_QUOTED_INCLUDE_IN_FRAMEWORK_HEADER = YES;
				CLANG_WARN_RANGE_LOOP_ANALYSIS = YES;
				CLANG_WARN_STRICT_PROTOTYPES = YES;
				CLANG_WARN_SUSPICIOUS_MOVE = YES;
				CLANG_WARN_UNGUARDED_AVAILABILITY = YES_AGGRESSIVE;
				CLANG_WARN_UNREACHABLE_CODE = YES;
				CLANG_WARN__DUPLICATE_METHOD_MATCH = YES;
				COPY_PHASE_STRIP = NO;
				DEBUG_INFORMATION_FORMAT = dwarf;
				ENABLE_STRICT_OBJC_MSGSEND = YES;
				ENABLE_TESTABILITY = YES;
				GCC_C_LANGUAGE_STANDARD = gnu11;
				GCC_DYNAMIC_NO_PIC = NO;
				GCC_NO_COMMON_BLOCKS = YES;
				GCC_OPTIMIZATION_LEVEL = 0;
				GCC_PREPROCESSOR_DEFINITIONS = (
					"DEBUG=1",
					"$(inherited)",
				);
				GCC_WARN_64_TO_32_BIT_CONVERSION = YES;
				GCC_WARN_ABOUT_RETURN_TYPE = YES_ERROR;
				GCC_WARN_UNDECLARED_SELECTOR = YES;
				GCC_WARN_UNINITIALIZED_AUTOS = YES_AGGRESSIVE;
				GCC_WARN_UNUSED_FUNCTION = YES;
				GCC_WARN_UNUSED_VARIABLE = YES;
				IPHONEOS_DEPLOYMENT_TARGET = 14.5;
				MTL_ENABLE_DEBUG_INFO = INCLUDE_SOURCE;
				MTL_FAST_MATH = YES;
				ONLY_ACTIVE_ARCH = YES;
				SDKROOT = iphoneos;
				SWIFT_ACTIVE_COMPILATION_CONDITIONS = DEBUG;
				SWIFT_OPTIMIZATION_LEVEL = "-Onone";
			};
			name = Debug;
		};
		381956162642FC9B001A9F2A /* Release */ = {
			isa = XCBuildConfiguration;
			buildSettings = {
				ALWAYS_SEARCH_USER_PATHS = NO;
				CLANG_ANALYZER_NONNULL = YES;
				CLANG_ANALYZER_NUMBER_OBJECT_CONVERSION = YES_AGGRESSIVE;
				CLANG_CXX_LANGUAGE_STANDARD = "gnu++14";
				CLANG_CXX_LIBRARY = "libc++";
				CLANG_ENABLE_MODULES = YES;
				CLANG_ENABLE_OBJC_ARC = YES;
				CLANG_ENABLE_OBJC_WEAK = YES;
				CLANG_WARN_BLOCK_CAPTURE_AUTORELEASING = YES;
				CLANG_WARN_BOOL_CONVERSION = YES;
				CLANG_WARN_COMMA = YES;
				CLANG_WARN_CONSTANT_CONVERSION = YES;
				CLANG_WARN_DEPRECATED_OBJC_IMPLEMENTATIONS = YES;
				CLANG_WARN_DIRECT_OBJC_ISA_USAGE = YES_ERROR;
				CLANG_WARN_DOCUMENTATION_COMMENTS = YES;
				CLANG_WARN_EMPTY_BODY = YES;
				CLANG_WARN_ENUM_CONVERSION = YES;
				CLANG_WARN_INFINITE_RECURSION = YES;
				CLANG_WARN_INT_CONVERSION = YES;
				CLANG_WARN_NON_LITERAL_NULL_CONVERSION = YES;
				CLANG_WARN_OBJC_IMPLICIT_RETAIN_SELF = YES;
				CLANG_WARN_OBJC_LITERAL_CONVERSION = YES;
				CLANG_WARN_OBJC_ROOT_CLASS = YES_ERROR;
				CLANG_WARN_QUOTED_INCLUDE_IN_FRAMEWORK_HEADER = YES;
				CLANG_WARN_RANGE_LOOP_ANALYSIS = YES;
				CLANG_WARN_STRICT_PROTOTYPES = YES;
				CLANG_WARN_SUSPICIOUS_MOVE = YES;
				CLANG_WARN_UNGUARDED_AVAILABILITY = YES_AGGRESSIVE;
				CLANG_WARN_UNREACHABLE_CODE = YES;
				CLANG_WARN__DUPLICATE_METHOD_MATCH = YES;
				COPY_PHASE_STRIP = NO;
				DEBUG_INFORMATION_FORMAT = "dwarf-with-dsym";
				ENABLE_NS_ASSERTIONS = NO;
				ENABLE_STRICT_OBJC_MSGSEND = YES;
				GCC_C_LANGUAGE_STANDARD = gnu11;
				GCC_NO_COMMON_BLOCKS = YES;
				GCC_WARN_64_TO_32_BIT_CONVERSION = YES;
				GCC_WARN_ABOUT_RETURN_TYPE = YES_ERROR;
				GCC_WARN_UNDECLARED_SELECTOR = YES;
				GCC_WARN_UNINITIALIZED_AUTOS = YES_AGGRESSIVE;
				GCC_WARN_UNUSED_FUNCTION = YES;
				GCC_WARN_UNUSED_VARIABLE = YES;
				IPHONEOS_DEPLOYMENT_TARGET = 14.5;
				MTL_ENABLE_DEBUG_INFO = NO;
				MTL_FAST_MATH = YES;
				SDKROOT = iphoneos;
				SWIFT_COMPILATION_MODE = wholemodule;
				SWIFT_OPTIMIZATION_LEVEL = "-O";
				VALIDATE_PRODUCT = YES;
			};
			name = Release;
		};
		381956182642FC9B001A9F2A /* Debug */ = {
			isa = XCBuildConfiguration;
			baseConfigurationReference = 2913FF0D49B41691700FFAD2 /* Pods-CD_RECYCLE.debug.xcconfig */;
			buildSettings = {
				ASSETCATALOG_COMPILER_APPICON_NAME = AppIcon;
				ASSETCATALOG_COMPILER_GLOBAL_ACCENT_COLOR_NAME = AccentColor;
				CLANG_ENABLE_MODULES = YES;
				CODE_SIGN_STYLE = Automatic;
				DEVELOPMENT_TEAM = 9NJF9GX3BQ;
				INFOPLIST_FILE = CD_RECYCLE/Info.plist;
				LD_RUNPATH_SEARCH_PATHS = (
					"$(inherited)",
					"@executable_path/Frameworks",
				);
				PRODUCT_BUNDLE_IDENTIFIER = "kr.ac.sogang.cscp2.20150195.CD-RECYCLE";
				PRODUCT_NAME = "$(TARGET_NAME)";
				SWIFT_OPTIMIZATION_LEVEL = "-Onone";
				SWIFT_VERSION = 5.0;
				TARGETED_DEVICE_FAMILY = "1,2";
			};
			name = Debug;
		};
		381956192642FC9B001A9F2A /* Release */ = {
			isa = XCBuildConfiguration;
			baseConfigurationReference = 9AC8B6D0F5994C381318530C /* Pods-CD_RECYCLE.release.xcconfig */;
			buildSettings = {
				ASSETCATALOG_COMPILER_APPICON_NAME = AppIcon;
				ASSETCATALOG_COMPILER_GLOBAL_ACCENT_COLOR_NAME = AccentColor;
				CLANG_ENABLE_MODULES = YES;
				CODE_SIGN_STYLE = Automatic;
				DEVELOPMENT_TEAM = 9NJF9GX3BQ;
				INFOPLIST_FILE = CD_RECYCLE/Info.plist;
				LD_RUNPATH_SEARCH_PATHS = (
					"$(inherited)",
					"@executable_path/Frameworks",
				);
				PRODUCT_BUNDLE_IDENTIFIER = "kr.ac.sogang.cscp2.20150195.CD-RECYCLE";
				PRODUCT_NAME = "$(TARGET_NAME)";
				SWIFT_VERSION = 5.0;
				TARGETED_DEVICE_FAMILY = "1,2";
			};
			name = Release;
		};
		3819561B2642FC9B001A9F2A /* Debug */ = {
			isa = XCBuildConfiguration;
			baseConfigurationReference = 1965A81E49015DBB31CC2750 /* Pods-CD_RECYCLETests.debug.xcconfig */;
			buildSettings = {
				ALWAYS_EMBED_SWIFT_STANDARD_LIBRARIES = YES;
				BUNDLE_LOADER = "$(TEST_HOST)";
				CODE_SIGN_STYLE = Automatic;
				DEVELOPMENT_TEAM = 9NJF9GX3BQ;
				INFOPLIST_FILE = CD_RECYCLETests/Info.plist;
				IPHONEOS_DEPLOYMENT_TARGET = 14.5;
				LD_RUNPATH_SEARCH_PATHS = (
					"$(inherited)",
					"@executable_path/Frameworks",
					"@loader_path/Frameworks",
				);
				PRODUCT_BUNDLE_IDENTIFIER = "kr.ac.sogang.cscp2.20150195.CD-RECYCLETests";
				PRODUCT_NAME = "$(TARGET_NAME)";
				SWIFT_VERSION = 5.0;
				TARGETED_DEVICE_FAMILY = "1,2";
				TEST_HOST = "$(BUILT_PRODUCTS_DIR)/CD_RECYCLE.app/CD_RECYCLE";
			};
			name = Debug;
		};
		3819561C2642FC9B001A9F2A /* Release */ = {
			isa = XCBuildConfiguration;
			baseConfigurationReference = 018AD1553E7EBC7CE77E0C60 /* Pods-CD_RECYCLETests.release.xcconfig */;
			buildSettings = {
				ALWAYS_EMBED_SWIFT_STANDARD_LIBRARIES = YES;
				BUNDLE_LOADER = "$(TEST_HOST)";
				CODE_SIGN_STYLE = Automatic;
				DEVELOPMENT_TEAM = 9NJF9GX3BQ;
				INFOPLIST_FILE = CD_RECYCLETests/Info.plist;
				IPHONEOS_DEPLOYMENT_TARGET = 14.5;
				LD_RUNPATH_SEARCH_PATHS = (
					"$(inherited)",
					"@executable_path/Frameworks",
					"@loader_path/Frameworks",
				);
				PRODUCT_BUNDLE_IDENTIFIER = "kr.ac.sogang.cscp2.20150195.CD-RECYCLETests";
				PRODUCT_NAME = "$(TARGET_NAME)";
				SWIFT_VERSION = 5.0;
				TARGETED_DEVICE_FAMILY = "1,2";
				TEST_HOST = "$(BUILT_PRODUCTS_DIR)/CD_RECYCLE.app/CD_RECYCLE";
			};
			name = Release;
		};
		3819561E2642FC9B001A9F2A /* Debug */ = {
			isa = XCBuildConfiguration;
			baseConfigurationReference = 9FF0D2DCC1B733456348E690 /* Pods-CD_RECYCLE-CD_RECYCLEUITests.debug.xcconfig */;
			buildSettings = {
				ALWAYS_EMBED_SWIFT_STANDARD_LIBRARIES = YES;
				CODE_SIGN_STYLE = Automatic;
				DEVELOPMENT_TEAM = 9NJF9GX3BQ;
				INFOPLIST_FILE = CD_RECYCLEUITests/Info.plist;
				LD_RUNPATH_SEARCH_PATHS = (
					"$(inherited)",
					"@executable_path/Frameworks",
					"@loader_path/Frameworks",
				);
				PRODUCT_BUNDLE_IDENTIFIER = "kr.ac.sogang.cscp2.20150195.CD-RECYCLEUITests";
				PRODUCT_NAME = "$(TARGET_NAME)";
				SWIFT_VERSION = 5.0;
				TARGETED_DEVICE_FAMILY = "1,2";
				TEST_TARGET_NAME = CD_RECYCLE;
			};
			name = Debug;
		};
		3819561F2642FC9B001A9F2A /* Release */ = {
			isa = XCBuildConfiguration;
			baseConfigurationReference = 08722F3722BB7D074E5E97F4 /* Pods-CD_RECYCLE-CD_RECYCLEUITests.release.xcconfig */;
			buildSettings = {
				ALWAYS_EMBED_SWIFT_STANDARD_LIBRARIES = YES;
				CODE_SIGN_STYLE = Automatic;
				DEVELOPMENT_TEAM = 9NJF9GX3BQ;
				INFOPLIST_FILE = CD_RECYCLEUITests/Info.plist;
				LD_RUNPATH_SEARCH_PATHS = (
					"$(inherited)",
					"@executable_path/Frameworks",
					"@loader_path/Frameworks",
				);
				PRODUCT_BUNDLE_IDENTIFIER = "kr.ac.sogang.cscp2.20150195.CD-RECYCLEUITests";
				PRODUCT_NAME = "$(TARGET_NAME)";
				SWIFT_VERSION = 5.0;
				TARGETED_DEVICE_FAMILY = "1,2";
				TEST_TARGET_NAME = CD_RECYCLE;
			};
			name = Release;
		};
/* End XCBuildConfiguration section */

/* Begin XCConfigurationList section */
		381955E52642FC99001A9F2A /* Build configuration list for PBXProject "CD_RECYCLE" */ = {
			isa = XCConfigurationList;
			buildConfigurations = (
				381956152642FC9B001A9F2A /* Debug */,
				381956162642FC9B001A9F2A /* Release */,
			);
			defaultConfigurationIsVisible = 0;
			defaultConfigurationName = Release;
		};
		381956172642FC9B001A9F2A /* Build configuration list for PBXNativeTarget "CD_RECYCLE" */ = {
			isa = XCConfigurationList;
			buildConfigurations = (
				381956182642FC9B001A9F2A /* Debug */,
				381956192642FC9B001A9F2A /* Release */,
			);
			defaultConfigurationIsVisible = 0;
			defaultConfigurationName = Release;
		};
		3819561A2642FC9B001A9F2A /* Build configuration list for PBXNativeTarget "CD_RECYCLETests" */ = {
			isa = XCConfigurationList;
			buildConfigurations = (
				3819561B2642FC9B001A9F2A /* Debug */,
				3819561C2642FC9B001A9F2A /* Release */,
			);
			defaultConfigurationIsVisible = 0;
			defaultConfigurationName = Release;
		};
		3819561D2642FC9B001A9F2A /* Build configuration list for PBXNativeTarget "CD_RECYCLEUITests" */ = {
			isa = XCConfigurationList;
			buildConfigurations = (
				3819561E2642FC9B001A9F2A /* Debug */,
				3819561F2642FC9B001A9F2A /* Release */,
			);
			defaultConfigurationIsVisible = 0;
			defaultConfigurationName = Release;
		};
/* End XCConfigurationList section */

/* Begin XCRemoteSwiftPackageReference section */
		38A9C3F82643B00300576AA6 /* XCRemoteSwiftPackageReference "SwiftCSV" */ = {
			isa = XCRemoteSwiftPackageReference;
			repositoryURL = "https://github.com/swiftcsv/SwiftCSV.git";
			requirement = {
				kind = upToNextMajorVersion;
				minimumVersion = 0.6.0;
			};
		};
/* End XCRemoteSwiftPackageReference section */

/* Begin XCSwiftPackageProductDependency section */
		38A9C3F92643B00300576AA6 /* SwiftCSV */ = {
			isa = XCSwiftPackageProductDependency;
			package = 38A9C3F82643B00300576AA6 /* XCRemoteSwiftPackageReference "SwiftCSV" */;
			productName = SwiftCSV;
		};
/* End XCSwiftPackageProductDependency section */

/* Begin XCVersionGroup section */
		381955F62642FC99001A9F2A /* CD_RECYCLE.xcdatamodeld */ = {
			isa = XCVersionGroup;
			children = (
				381955F72642FC99001A9F2A /* CD_RECYCLE.xcdatamodel */,
			);
			currentVersion = 381955F72642FC99001A9F2A /* CD_RECYCLE.xcdatamodel */;
			path = CD_RECYCLE.xcdatamodeld;
			sourceTree = "<group>";
			versionGroupType = wrapper.xcdatamodel;
		};
/* End XCVersionGroup section */
	};
	rootObject = 381955E22642FC99001A9F2A /* Project object */;
}
