PODS:
  - Alamofire (5.4.3)
  - NMapsMap (3.13.0)

DEPENDENCIES:
  - Alamofire (~> 5.0)
  - NMapsMap

SPEC REPOS:
  trunk:
    - Alamofire
    - NMapsMap

SPEC CHECKSUMS:
  Alamofire: e447a2774a40c996748296fa2c55112fdbbc42f9
  NMapsMap: 88b5bdac7087bfa99ab058ff5cdd95fb766e0e95

PODFILE CHECKSUM: 792c2538cfcc2f99a2b751bc268169e391f84f22

COCOAPODS: 1.10.1
